
Microsoft Visual Studio Solution File, Format Version 12.00
# Visual Studio Version 17
VisualStudioVersion = 17.7.34202.233
MinimumVisualStudioVersion = 10.0.40219.1
Project("{FAE04EC0-301F-11D3-BF4B-00C04F79EFBC}") = "LinkedOut", "LinkedOut\LinkedOut.csproj", "{16A2F1B8-07B3-4311-B0FD-FAE7083B4F66}"
EndProject
Project("{FAE04EC0-301F-11D3-BF4B-00C04F79EFBC}") = "LinkedOut.Tests", "LinkedOut.Tests\LinkedOut.Tests.csproj", "{5D88EBFB-D395-4315-87A1-A848811ACD0C}"
EndProject
Global
	GlobalSection(SolutionConfigurationPlatforms) = preSolution
		Debug|Any CPU = Debug|Any CPU
		Release|Any CPU = Release|Any CPU
	EndGlobalSection
	GlobalSection(ProjectConfigurationPlatforms) = postSolution
		{16A2F1B8-07B3-4311-B0FD-FAE7083B4F66}.Debug|Any CPU.ActiveCfg = Debug|Any CPU
		{16A2F1B8-07B3-4311-B0FD-FAE7083B4F66}.Debug|Any CPU.Build.0 = Debug|Any CPU
		{16A2F1B8-07B3-4311-B0FD-FAE7083B4F66}.Release|Any CPU.ActiveCfg = Release|Any CPU
		{16A2F1B8-07B3-4311-B0FD-FAE7083B4F66}.Release|Any CPU.Build.0 = Release|Any CPU
		{5D88EBFB-D395-4315-87A1-A848811ACD0C}.Debug|Any CPU.ActiveCfg = Debug|Any CPU
		{5D88EBFB-D395-4315-87A1-A848811ACD0C}.Debug|Any CPU.Build.0 = Debug|Any CPU
		{5D88EBFB-D395-4315-87A1-A848811ACD0C}.Release|Any CPU.ActiveCfg = Release|Any CPU
		{5D88EBFB-D395-4315-87A1-A848811ACD0C}.Release|Any CPU.Build.0 = Release|Any CPU
	EndGlobalSection
	GlobalSection(SolutionProperties) = preSolution
		HideSolutionNode = FALSE
	EndGlobalSection
	GlobalSection(ExtensibilityGlobals) = postSolution
		SolutionGuid = {203105D1-88A3-4DAD-B5C9-B23CB929FF92}
	EndGlobalSection
EndGlobal
