
Microsoft Visual Studio Solution File, Format Version 12.00
# Visual Studio Version 17
VisualStudioVersion = 17.7.34202.233
MinimumVisualStudioVersion = 10.0.40219.1
Project("{FAE04EC0-301F-11D3-BF4B-00C04F79EFBC}") = "Banking.Test", "Banking.Test\Banking.Test.csproj", "{9006480A-C1A2-4538-911E-A2119A55A4A9}"
EndProject
Project("{FAE04EC0-301F-11D3-BF4B-00C04F79EFBC}") = "Banking.Domain", "BankingDomain\Banking.Domain.csproj", "{45463FCC-A9F8-4B2F-9BCD-469E79C1B9BD}"
EndProject
Global
	GlobalSection(SolutionConfigurationPlatforms) = preSolution
		Debug|Any CPU = Debug|Any CPU
		Release|Any CPU = Release|Any CPU
	EndGlobalSection
	GlobalSection(ProjectConfigurationPlatforms) = postSolution
		{9006480A-C1A2-4538-911E-A2119A55A4A9}.Debug|Any CPU.ActiveCfg = Debug|Any CPU
		{9006480A-C1A2-4538-911E-A2119A55A4A9}.Debug|Any CPU.Build.0 = Debug|Any CPU
		{9006480A-C1A2-4538-911E-A2119A55A4A9}.Release|Any CPU.ActiveCfg = Release|Any CPU
		{9006480A-C1A2-4538-911E-A2119A55A4A9}.Release|Any CPU.Build.0 = Release|Any CPU
		{45463FCC-A9F8-4B2F-9BCD-469E79C1B9BD}.Debug|Any CPU.ActiveCfg = Debug|Any CPU
		{45463FCC-A9F8-4B2F-9BCD-469E79C1B9BD}.Debug|Any CPU.Build.0 = Debug|Any CPU
		{45463FCC-A9F8-4B2F-9BCD-469E79C1B9BD}.Release|Any CPU.ActiveCfg = Release|Any CPU
		{45463FCC-A9F8-4B2F-9BCD-469E79C1B9BD}.Release|Any CPU.Build.0 = Release|Any CPU
	EndGlobalSection
	GlobalSection(SolutionProperties) = preSolution
		HideSolutionNode = FALSE
	EndGlobalSection
	GlobalSection(ExtensibilityGlobals) = postSolution
		SolutionGuid = {652FBEE8-8436-433A-A3CD-7054AE453CC7}
	EndGlobalSection
EndGlobal
